
Microsoft Visual Studio Solution File, Format Version 12.00
# Visual Studio Version 17
VisualStudioVersion = 17.2.32630.192
MinimumVisualStudioVersion = 10.0.40219.1
Project("{FAE04EC0-301F-11D3-BF4B-00C04F79EFBC}") = "01. Count Real Numbers", "01. Count Real Numbers\01. Count Real Numbers.csproj", "{FDA6FAD2-F8A7-468A-A0EC-F9D503CAADFE}"
EndProject
Project("{FAE04EC0-301F-11D3-BF4B-00C04F79EFBC}") = "02. Word Synonyms", "02. Word Synonims\02. Word Synonyms.csproj", "{9EE958B8-9E81-43C5-84D2-34658DEBC5F8}"
EndProject
Project("{FAE04EC0-301F-11D3-BF4B-00C04F79EFBC}") = "03. Word Filter", "03. Word Filter\03. Word Filter.csproj", "{9ADABCF6-2184-464E-A4AB-77A384EF145C}"
EndProject
Global
	GlobalSection(SolutionConfigurationPlatforms) = preSolution
		Debug|Any CPU = Debug|Any CPU
		Release|Any CPU = Release|Any CPU
	EndGlobalSection
	GlobalSection(ProjectConfigurationPlatforms) = postSolution
		{FDA6FAD2-F8A7-468A-A0EC-F9D503CAADFE}.Debug|Any CPU.ActiveCfg = Debug|Any CPU
		{FDA6FAD2-F8A7-468A-A0EC-F9D503CAADFE}.Debug|Any CPU.Build.0 = Debug|Any CPU
		{FDA6FAD2-F8A7-468A-A0EC-F9D503CAADFE}.Release|Any CPU.ActiveCfg = Release|Any CPU
		{FDA6FAD2-F8A7-468A-A0EC-F9D503CAADFE}.Release|Any CPU.Build.0 = Release|Any CPU
		{9EE958B8-9E81-43C5-84D2-34658DEBC5F8}.Debug|Any CPU.ActiveCfg = Debug|Any CPU
		{9EE958B8-9E81-43C5-84D2-34658DEBC5F8}.Debug|Any CPU.Build.0 = Debug|Any CPU
		{9EE958B8-9E81-43C5-84D2-34658DEBC5F8}.Release|Any CPU.ActiveCfg = Release|Any CPU
		{9EE958B8-9E81-43C5-84D2-34658DEBC5F8}.Release|Any CPU.Build.0 = Release|Any CPU
		{9ADABCF6-2184-464E-A4AB-77A384EF145C}.Debug|Any CPU.ActiveCfg = Debug|Any CPU
		{9ADABCF6-2184-464E-A4AB-77A384EF145C}.Debug|Any CPU.Build.0 = Debug|Any CPU
		{9ADABCF6-2184-464E-A4AB-77A384EF145C}.Release|Any CPU.ActiveCfg = Release|Any CPU
		{9ADABCF6-2184-464E-A4AB-77A384EF145C}.Release|Any CPU.Build.0 = Release|Any CPU
	EndGlobalSection
	GlobalSection(SolutionProperties) = preSolution
		HideSolutionNode = FALSE
	EndGlobalSection
	GlobalSection(ExtensibilityGlobals) = postSolution
		SolutionGuid = {1039B202-4F51-4BF3-A82B-1F0D4107E3B2}
	EndGlobalSection
EndGlobal
